
Microsoft Visual Studio Solution File, Format Version 12.00
# Visual Studio 15
VisualStudioVersion = 15.0.28307.489
MinimumVisualStudioVersion = 10.0.40219.1
Project("{FAE04EC0-301F-11D3-BF4B-00C04F79EFBC}") = "VKLib", "VKLib\VKLib.csproj", "{BD2C1986-9C4F-4D82-8106-41E9A780D869}"
EndProject
Project("{FAE04EC0-301F-11D3-BF4B-00C04F79EFBC}") = "UnitTest", "UnitTest\UnitTest.csproj", "{C0080EE1-4B9A-49CD-BF28-21E60AB86F18}"
EndProject
Project("{FAE04EC0-301F-11D3-BF4B-00C04F79EFBC}") = "UnitTestProject", "UnitTestProject\UnitTestProject.csproj", "{294DD8C3-D04F-4CCC-BAC5-431CD1AE0532}"
EndProject
Global
	GlobalSection(SolutionConfigurationPlatforms) = preSolution
		Debug|Any CPU = Debug|Any CPU
		Release|Any CPU = Release|Any CPU
	EndGlobalSection
	GlobalSection(ProjectConfigurationPlatforms) = postSolution
		{BD2C1986-9C4F-4D82-8106-41E9A780D869}.Debug|Any CPU.ActiveCfg = Debug|Any CPU
		{BD2C1986-9C4F-4D82-8106-41E9A780D869}.Debug|Any CPU.Build.0 = Debug|Any CPU
		{BD2C1986-9C4F-4D82-8106-41E9A780D869}.Release|Any CPU.ActiveCfg = Release|Any CPU
		{BD2C1986-9C4F-4D82-8106-41E9A780D869}.Release|Any CPU.Build.0 = Release|Any CPU
		{C0080EE1-4B9A-49CD-BF28-21E60AB86F18}.Debug|Any CPU.ActiveCfg = Debug|Any CPU
		{C0080EE1-4B9A-49CD-BF28-21E60AB86F18}.Debug|Any CPU.Build.0 = Debug|Any CPU
		{C0080EE1-4B9A-49CD-BF28-21E60AB86F18}.Release|Any CPU.ActiveCfg = Release|Any CPU
		{C0080EE1-4B9A-49CD-BF28-21E60AB86F18}.Release|Any CPU.Build.0 = Release|Any CPU
		{294DD8C3-D04F-4CCC-BAC5-431CD1AE0532}.Debug|Any CPU.ActiveCfg = Debug|Any CPU
		{294DD8C3-D04F-4CCC-BAC5-431CD1AE0532}.Debug|Any CPU.Build.0 = Debug|Any CPU
		{294DD8C3-D04F-4CCC-BAC5-431CD1AE0532}.Release|Any CPU.ActiveCfg = Release|Any CPU
		{294DD8C3-D04F-4CCC-BAC5-431CD1AE0532}.Release|Any CPU.Build.0 = Release|Any CPU
	EndGlobalSection
	GlobalSection(SolutionProperties) = preSolution
		HideSolutionNode = FALSE
	EndGlobalSection
	GlobalSection(ExtensibilityGlobals) = postSolution
		SolutionGuid = {D1265CAA-83F6-479A-8969-FC7D42D358A9}
	EndGlobalSection
EndGlobal
